
Microsoft Visual Studio Solution File, Format Version 12.00
# Visual Studio Version 16
VisualStudioVersion = 16.0.30907.101
MinimumVisualStudioVersion = 10.0.40219.1
Project("{9A19103F-16F7-4668-BE54-9A1E7A4F7556}") = "termiteApp.Api", "termiteApp\termiteApp.Api.csproj", "{5F1FA0F7-8BFD-41FA-B0C5-AC0E24235FB0}"
EndProject
Project("{9A19103F-16F7-4668-BE54-9A1E7A4F7556}") = "termiteApp.Core", "termiteApp.Core\termiteApp.Core.csproj", "{BAEF8213-52BF-4B33-A009-6BA5A8F0E479}"
EndProject
Project("{9A19103F-16F7-4668-BE54-9A1E7A4F7556}") = "termiteApp.Infrastructure", "termiteApp.Infrastructure\termiteApp.Infrastructure.csproj", "{F38FDC3F-71D3-4200-A318-F35244B63100}"
EndProject
Project("{9A19103F-16F7-4668-BE54-9A1E7A4F7556}") = "termiteApp.Frontend", "termiteApp.Frontend\termiteApp.Frontend.csproj", "{98FE0D2A-05B5-4B83-92DB-695486BE12B7}"
EndProject
Global
	GlobalSection(SolutionConfigurationPlatforms) = preSolution
		Debug|Any CPU = Debug|Any CPU
		Release|Any CPU = Release|Any CPU
	EndGlobalSection
	GlobalSection(ProjectConfigurationPlatforms) = postSolution
		{5F1FA0F7-8BFD-41FA-B0C5-AC0E24235FB0}.Debug|Any CPU.ActiveCfg = Debug|Any CPU
		{5F1FA0F7-8BFD-41FA-B0C5-AC0E24235FB0}.Debug|Any CPU.Build.0 = Debug|Any CPU
		{5F1FA0F7-8BFD-41FA-B0C5-AC0E24235FB0}.Release|Any CPU.ActiveCfg = Release|Any CPU
		{5F1FA0F7-8BFD-41FA-B0C5-AC0E24235FB0}.Release|Any CPU.Build.0 = Release|Any CPU
		{BAEF8213-52BF-4B33-A009-6BA5A8F0E479}.Debug|Any CPU.ActiveCfg = Debug|Any CPU
		{BAEF8213-52BF-4B33-A009-6BA5A8F0E479}.Debug|Any CPU.Build.0 = Debug|Any CPU
		{BAEF8213-52BF-4B33-A009-6BA5A8F0E479}.Release|Any CPU.ActiveCfg = Release|Any CPU
		{BAEF8213-52BF-4B33-A009-6BA5A8F0E479}.Release|Any CPU.Build.0 = Release|Any CPU
		{F38FDC3F-71D3-4200-A318-F35244B63100}.Debug|Any CPU.ActiveCfg = Debug|Any CPU
		{F38FDC3F-71D3-4200-A318-F35244B63100}.Debug|Any CPU.Build.0 = Debug|Any CPU
		{F38FDC3F-71D3-4200-A318-F35244B63100}.Release|Any CPU.ActiveCfg = Release|Any CPU
		{F38FDC3F-71D3-4200-A318-F35244B63100}.Release|Any CPU.Build.0 = Release|Any CPU
		{98FE0D2A-05B5-4B83-92DB-695486BE12B7}.Debug|Any CPU.ActiveCfg = Debug|Any CPU
		{98FE0D2A-05B5-4B83-92DB-695486BE12B7}.Debug|Any CPU.Build.0 = Debug|Any CPU
		{98FE0D2A-05B5-4B83-92DB-695486BE12B7}.Release|Any CPU.ActiveCfg = Release|Any CPU
		{98FE0D2A-05B5-4B83-92DB-695486BE12B7}.Release|Any CPU.Build.0 = Release|Any CPU
	EndGlobalSection
	GlobalSection(SolutionProperties) = preSolution
		HideSolutionNode = FALSE
	EndGlobalSection
	GlobalSection(ExtensibilityGlobals) = postSolution
		SolutionGuid = {5E847D31-B9A0-4261-BC01-B37F6EA92D5E}
	EndGlobalSection
EndGlobal
